
Microsoft Visual Studio Solution File, Format Version 12.00
# Visual Studio Version 17
VisualStudioVersion = 17.1.32228.430
MinimumVisualStudioVersion = 10.0.40219.1
Project("{FAE04EC0-301F-11D3-BF4B-00C04F79EFBC}") = "WpfApp", "WpfApp.csproj", "{490573B1-7552-49F3-9C2E-268EB722A3FE}"
EndProject
Global
	GlobalSection(SolutionConfigurationPlatforms) = preSolution
		Debug|Any CPU = Debug|Any CPU
		Release|Any CPU = Release|Any CPU
	EndGlobalSection
	GlobalSection(ProjectConfigurationPlatforms) = postSolution
		{490573B1-7552-49F3-9C2E-268EB722A3FE}.Debug|Any CPU.ActiveCfg = Debug|Any CPU
		{490573B1-7552-49F3-9C2E-268EB722A3FE}.Debug|Any CPU.Build.0 = Debug|Any CPU
		{490573B1-7552-49F3-9C2E-268EB722A3FE}.Release|Any CPU.ActiveCfg = Release|Any CPU
		{490573B1-7552-49F3-9C2E-268EB722A3FE}.Release|Any CPU.Build.0 = Release|Any CPU
	EndGlobalSection
	GlobalSection(SolutionProperties) = preSolution
		HideSolutionNode = FALSE
	EndGlobalSection
	GlobalSection(ExtensibilityGlobals) = postSolution
		SolutionGuid = {3C4110AD-E5A0-4667-B560-65174348A1A3}
	EndGlobalSection
EndGlobal
